// !$*UTF8*$!
{
	archiveVersion = 1;
	classes = {
	};
	objectVersion = 55;
	objects = {

/* Begin PBXBuildFile section */
		97709D93457919AA39B0A0A3 /* Pods_Yassir_Challenge.framework in Frameworks */ = {isa = PBXBuildFile; fileRef = 22A6269D95D3800698BA99DA /* Pods_Yassir_Challenge.framework */; };
		CE0FBBA327AC32F3003BE3C6 /* AppDelegate.swift in Sources */ = {isa = PBXBuildFile; fileRef = CE0FBBA227AC32F3003BE3C6 /* AppDelegate.swift */; };
		CE0FBBA527AC32F3003BE3C6 /* SceneDelegate.swift in Sources */ = {isa = PBXBuildFile; fileRef = CE0FBBA427AC32F3003BE3C6 /* SceneDelegate.swift */; };
		CE0FBBAA27AC32F3003BE3C6 /* Main.storyboard in Resources */ = {isa = PBXBuildFile; fileRef = CE0FBBA827AC32F3003BE3C6 /* Main.storyboard */; };
		CE0FBBAC27AC32F5003BE3C6 /* Assets.xcassets in Resources */ = {isa = PBXBuildFile; fileRef = CE0FBBAB27AC32F5003BE3C6 /* Assets.xcassets */; };
		CE0FBBAF27AC32F5003BE3C6 /* LaunchScreen.storyboard in Resources */ = {isa = PBXBuildFile; fileRef = CE0FBBAD27AC32F5003BE3C6 /* LaunchScreen.storyboard */; };
		CE0FBBBD27AC3F29003BE3C6 /* Movie.swift in Sources */ = {isa = PBXBuildFile; fileRef = CE0FBBBC27AC3F28003BE3C6 /* Movie.swift */; };
		CE0FBBBF27AC412C003BE3C6 /* MoviesPage.swift in Sources */ = {isa = PBXBuildFile; fileRef = CE0FBBBE27AC412C003BE3C6 /* MoviesPage.swift */; };
		CE0FBBC127AC69F8003BE3C6 /* MovieDetials.swift in Sources */ = {isa = PBXBuildFile; fileRef = CE0FBBC027AC69F8003BE3C6 /* MovieDetials.swift */; };
		CE0FBBC327AC6E48003BE3C6 /* Genre.swift in Sources */ = {isa = PBXBuildFile; fileRef = CE0FBBC227AC6E48003BE3C6 /* Genre.swift */; };
		CE0FBBC527AC6E80003BE3C6 /* ProductionCompany.swift in Sources */ = {isa = PBXBuildFile; fileRef = CE0FBBC427AC6E80003BE3C6 /* ProductionCompany.swift */; };
		CE0FBBC727AC6EA3003BE3C6 /* ProductionCountry.swift in Sources */ = {isa = PBXBuildFile; fileRef = CE0FBBC627AC6EA3003BE3C6 /* ProductionCountry.swift */; };
		CE0FBBC927AC6ECD003BE3C6 /* SpokenLanguage.swift in Sources */ = {isa = PBXBuildFile; fileRef = CE0FBBC827AC6ECD003BE3C6 /* SpokenLanguage.swift */; };
		CE0FBBCC27AC6FF5003BE3C6 /* MoviesPageInterface.swift in Sources */ = {isa = PBXBuildFile; fileRef = CE0FBBCB27AC6FF5003BE3C6 /* MoviesPageInterface.swift */; };
		CE0FBBCE27AC720D003BE3C6 /* MovieDetailsInterface.swift in Sources */ = {isa = PBXBuildFile; fileRef = CE0FBBCD27AC720D003BE3C6 /* MovieDetailsInterface.swift */; };
		CE0FBBD027AC7314003BE3C6 /* MoviesPageAPI.swift in Sources */ = {isa = PBXBuildFile; fileRef = CE0FBBCF27AC7314003BE3C6 /* MoviesPageAPI.swift */; };
		CE0FBBD227AC7359003BE3C6 /* WorkerConstants.swift in Sources */ = {isa = PBXBuildFile; fileRef = CE0FBBD127AC7359003BE3C6 /* WorkerConstants.swift */; };
		CE0FBBD427AC7E21003BE3C6 /* MovieDetailsAPI.swift in Sources */ = {isa = PBXBuildFile; fileRef = CE0FBBD327AC7E21003BE3C6 /* MovieDetailsAPI.swift */; };
		CE0FBBDE27AC804F003BE3C6 /* ListMoviesViewController.swift in Sources */ = {isa = PBXBuildFile; fileRef = CE0FBBDD27AC804F003BE3C6 /* ListMoviesViewController.swift */; };
		CE0FBBE027AC80AE003BE3C6 /* ListMovies.swift in Sources */ = {isa = PBXBuildFile; fileRef = CE0FBBDF27AC80AE003BE3C6 /* ListMovies.swift */; };
		CE0FBBE227AC82C3003BE3C6 /* ListMoviesWorker.swift in Sources */ = {isa = PBXBuildFile; fileRef = CE0FBBE127AC82C3003BE3C6 /* ListMoviesWorker.swift */; };
		CE0FBBE427AC8585003BE3C6 /* ListMoviesInteractor.swift in Sources */ = {isa = PBXBuildFile; fileRef = CE0FBBE327AC8585003BE3C6 /* ListMoviesInteractor.swift */; };
		CE0FBBE627AC864E003BE3C6 /* ListMoviesPresenter.swift in Sources */ = {isa = PBXBuildFile; fileRef = CE0FBBE527AC864E003BE3C6 /* ListMoviesPresenter.swift */; };
		CE0FBBE827AC94A9003BE3C6 /* ListMoviesRouter.swift in Sources */ = {isa = PBXBuildFile; fileRef = CE0FBBE727AC94A9003BE3C6 /* ListMoviesRouter.swift */; };
		CE0FBBEB27AC99C2003BE3C6 /* ShowMovieViewController.swift in Sources */ = {isa = PBXBuildFile; fileRef = CE0FBBEA27AC99C2003BE3C6 /* ShowMovieViewController.swift */; };
		CE0FBBF527AC9B0A003BE3C6 /* ShowMovie.swift in Sources */ = {isa = PBXBuildFile; fileRef = CE0FBBF427AC9B0A003BE3C6 /* ShowMovie.swift */; };
		CE0FBBF727AC9CF9003BE3C6 /* ShowMoviePresenter.swift in Sources */ = {isa = PBXBuildFile; fileRef = CE0FBBF627AC9CF9003BE3C6 /* ShowMoviePresenter.swift */; };
		CE0FBBF927ACA932003BE3C6 /* ShowMovieRouter.swift in Sources */ = {isa = PBXBuildFile; fileRef = CE0FBBF827ACA932003BE3C6 /* ShowMovieRouter.swift */; };
		CE0FBBFB27ACA9A9003BE3C6 /* ShowInteractor.swift in Sources */ = {isa = PBXBuildFile; fileRef = CE0FBBFA27ACA9A9003BE3C6 /* ShowInteractor.swift */; };
		CE0FBBFE27ACAABF003BE3C6 /* ShowMovieWorker.swift in Sources */ = {isa = PBXBuildFile; fileRef = CE0FBBFD27ACAABF003BE3C6 /* ShowMovieWorker.swift */; };
		CE0FBC0027AD4938003BE3C6 /* MovieCell.swift in Sources */ = {isa = PBXBuildFile; fileRef = CE0FBBFF27AD4938003BE3C6 /* MovieCell.swift */; };
		CE0FBC0327ADDADD003BE3C6 /* UIColor+Ext.swift in Sources */ = {isa = PBXBuildFile; fileRef = CE0FBC0227ADDADD003BE3C6 /* UIColor+Ext.swift */; };
		CE32AA8927AE654C00E3BB16 /* YassirChallengeTests.swift in Sources */ = {isa = PBXBuildFile; fileRef = CE32AA8827AE654C00E3BB16 /* YassirChallengeTests.swift */; };
		CE32AA9027AE656E00E3BB16 /* ListMovieViewControllerTests.swift in Sources */ = {isa = PBXBuildFile; fileRef = CE32AA8F27AE656E00E3BB16 /* ListMovieViewControllerTests.swift */; };
/* End PBXBuildFile section */

/* Begin PBXContainerItemProxy section */
		CE32AA8A27AE654C00E3BB16 /* PBXContainerItemProxy */ = {
			isa = PBXContainerItemProxy;
			containerPortal = CE0FBB9727AC32F3003BE3C6 /* Project object */;
			proxyType = 1;
			remoteGlobalIDString = CE0FBB9E27AC32F3003BE3C6;
			remoteInfo = "Yassir Challenge";
		};
/* End PBXContainerItemProxy section */

/* Begin PBXFileReference section */
		22A6269D95D3800698BA99DA /* Pods_Yassir_Challenge.framework */ = {isa = PBXFileReference; explicitFileType = wrapper.framework; includeInIndex = 0; path = Pods_Yassir_Challenge.framework; sourceTree = BUILT_PRODUCTS_DIR; };
		C16D9F032D56FF59A63ED45E /* Pods-Yassir Challenge.debug.xcconfig */ = {isa = PBXFileReference; includeInIndex = 1; lastKnownFileType = text.xcconfig; name = "Pods-Yassir Challenge.debug.xcconfig"; path = "Target Support Files/Pods-Yassir Challenge/Pods-Yassir Challenge.debug.xcconfig"; sourceTree = "<group>"; };
		CE0FBB9F27AC32F3003BE3C6 /* Yassir Challenge.app */ = {isa = PBXFileReference; explicitFileType = wrapper.application; includeInIndex = 0; path = "Yassir Challenge.app"; sourceTree = BUILT_PRODUCTS_DIR; };
		CE0FBBA227AC32F3003BE3C6 /* AppDelegate.swift */ = {isa = PBXFileReference; lastKnownFileType = sourcecode.swift; path = AppDelegate.swift; sourceTree = "<group>"; };
		CE0FBBA427AC32F3003BE3C6 /* SceneDelegate.swift */ = {isa = PBXFileReference; lastKnownFileType = sourcecode.swift; path = SceneDelegate.swift; sourceTree = "<group>"; };
		CE0FBBA927AC32F3003BE3C6 /* Base */ = {isa = PBXFileReference; lastKnownFileType = file.storyboard; name = Base; path = Base.lproj/Main.storyboard; sourceTree = "<group>"; };
		CE0FBBAB27AC32F5003BE3C6 /* Assets.xcassets */ = {isa = PBXFileReference; lastKnownFileType = folder.assetcatalog; path = Assets.xcassets; sourceTree = "<group>"; };
		CE0FBBAE27AC32F5003BE3C6 /* Base */ = {isa = PBXFileReference; lastKnownFileType = file.storyboard; name = Base; path = Base.lproj/LaunchScreen.storyboard; sourceTree = "<group>"; };
		CE0FBBB027AC32F5003BE3C6 /* Info.plist */ = {isa = PBXFileReference; lastKnownFileType = text.plist.xml; path = Info.plist; sourceTree = "<group>"; };
		CE0FBBBC27AC3F28003BE3C6 /* Movie.swift */ = {isa = PBXFileReference; lastKnownFileType = sourcecode.swift; path = Movie.swift; sourceTree = "<group>"; };
		CE0FBBBE27AC412C003BE3C6 /* MoviesPage.swift */ = {isa = PBXFileReference; lastKnownFileType = sourcecode.swift; path = MoviesPage.swift; sourceTree = "<group>"; };
		CE0FBBC027AC69F8003BE3C6 /* MovieDetials.swift */ = {isa = PBXFileReference; lastKnownFileType = sourcecode.swift; path = MovieDetials.swift; sourceTree = "<group>"; };
		CE0FBBC227AC6E48003BE3C6 /* Genre.swift */ = {isa = PBXFileReference; lastKnownFileType = sourcecode.swift; path = Genre.swift; sourceTree = "<group>"; };
		CE0FBBC427AC6E80003BE3C6 /* ProductionCompany.swift */ = {isa = PBXFileReference; lastKnownFileType = sourcecode.swift; path = ProductionCompany.swift; sourceTree = "<group>"; };
		CE0FBBC627AC6EA3003BE3C6 /* ProductionCountry.swift */ = {isa = PBXFileReference; lastKnownFileType = sourcecode.swift; path = ProductionCountry.swift; sourceTree = "<group>"; };
		CE0FBBC827AC6ECD003BE3C6 /* SpokenLanguage.swift */ = {isa = PBXFileReference; lastKnownFileType = sourcecode.swift; path = SpokenLanguage.swift; sourceTree = "<group>"; };
		CE0FBBCB27AC6FF5003BE3C6 /* MoviesPageInterface.swift */ = {isa = PBXFileReference; lastKnownFileType = sourcecode.swift; path = MoviesPageInterface.swift; sourceTree = "<group>"; };
		CE0FBBCD27AC720D003BE3C6 /* MovieDetailsInterface.swift */ = {isa = PBXFileReference; lastKnownFileType = sourcecode.swift; path = MovieDetailsInterface.swift; sourceTree = "<group>"; };
		CE0FBBCF27AC7314003BE3C6 /* MoviesPageAPI.swift */ = {isa = PBXFileReference; lastKnownFileType = sourcecode.swift; path = MoviesPageAPI.swift; sourceTree = "<group>"; };
		CE0FBBD127AC7359003BE3C6 /* WorkerConstants.swift */ = {isa = PBXFileReference; lastKnownFileType = sourcecode.swift; path = WorkerConstants.swift; sourceTree = "<group>"; };
		CE0FBBD327AC7E21003BE3C6 /* MovieDetailsAPI.swift */ = {isa = PBXFileReference; lastKnownFileType = sourcecode.swift; path = MovieDetailsAPI.swift; sourceTree = "<group>"; };
		CE0FBBDD27AC804F003BE3C6 /* ListMoviesViewController.swift */ = {isa = PBXFileReference; lastKnownFileType = sourcecode.swift; path = ListMoviesViewController.swift; sourceTree = "<group>"; };
		CE0FBBDF27AC80AE003BE3C6 /* ListMovies.swift */ = {isa = PBXFileReference; lastKnownFileType = sourcecode.swift; path = ListMovies.swift; sourceTree = "<group>"; };
		CE0FBBE127AC82C3003BE3C6 /* ListMoviesWorker.swift */ = {isa = PBXFileReference; lastKnownFileType = sourcecode.swift; path = ListMoviesWorker.swift; sourceTree = "<group>"; };
		CE0FBBE327AC8585003BE3C6 /* ListMoviesInteractor.swift */ = {isa = PBXFileReference; lastKnownFileType = sourcecode.swift; path = ListMoviesInteractor.swift; sourceTree = "<group>"; };
		CE0FBBE527AC864E003BE3C6 /* ListMoviesPresenter.swift */ = {isa = PBXFileReference; lastKnownFileType = sourcecode.swift; path = ListMoviesPresenter.swift; sourceTree = "<group>"; };
		CE0FBBE727AC94A9003BE3C6 /* ListMoviesRouter.swift */ = {isa = PBXFileReference; lastKnownFileType = sourcecode.swift; path = ListMoviesRouter.swift; sourceTree = "<group>"; };
		CE0FBBEA27AC99C2003BE3C6 /* ShowMovieViewController.swift */ = {isa = PBXFileReference; lastKnownFileType = sourcecode.swift; path = ShowMovieViewController.swift; sourceTree = "<group>"; };
		CE0FBBF427AC9B0A003BE3C6 /* ShowMovie.swift */ = {isa = PBXFileReference; lastKnownFileType = sourcecode.swift; path = ShowMovie.swift; sourceTree = "<group>"; };
		CE0FBBF627AC9CF9003BE3C6 /* ShowMoviePresenter.swift */ = {isa = PBXFileReference; lastKnownFileType = sourcecode.swift; path = ShowMoviePresenter.swift; sourceTree = "<group>"; };
		CE0FBBF827ACA932003BE3C6 /* ShowMovieRouter.swift */ = {isa = PBXFileReference; lastKnownFileType = sourcecode.swift; path = ShowMovieRouter.swift; sourceTree = "<group>"; };
		CE0FBBFA27ACA9A9003BE3C6 /* ShowInteractor.swift */ = {isa = PBXFileReference; lastKnownFileType = sourcecode.swift; path = ShowInteractor.swift; sourceTree = "<group>"; };
		CE0FBBFD27ACAABF003BE3C6 /* ShowMovieWorker.swift */ = {isa = PBXFileReference; lastKnownFileType = sourcecode.swift; path = ShowMovieWorker.swift; sourceTree = "<group>"; };
		CE0FBBFF27AD4938003BE3C6 /* MovieCell.swift */ = {isa = PBXFileReference; lastKnownFileType = sourcecode.swift; path = MovieCell.swift; sourceTree = "<group>"; };
		CE0FBC0227ADDADD003BE3C6 /* UIColor+Ext.swift */ = {isa = PBXFileReference; lastKnownFileType = sourcecode.swift; path = "UIColor+Ext.swift"; sourceTree = "<group>"; };
		CE32AA7127AE5E6A00E3BB16 /* Pods_Yassir_Challenge.framework */ = {isa = PBXFileReference; explicitFileType = wrapper.framework; path = Pods_Yassir_Challenge.framework; sourceTree = BUILT_PRODUCTS_DIR; };
		CE32AA8627AE654C00E3BB16 /* YassirChallengeTests.xctest */ = {isa = PBXFileReference; explicitFileType = wrapper.cfbundle; includeInIndex = 0; path = YassirChallengeTests.xctest; sourceTree = BUILT_PRODUCTS_DIR; };
		CE32AA8827AE654C00E3BB16 /* YassirChallengeTests.swift */ = {isa = PBXFileReference; lastKnownFileType = sourcecode.swift; path = YassirChallengeTests.swift; sourceTree = "<group>"; };
		CE32AA8F27AE656E00E3BB16 /* ListMovieViewControllerTests.swift */ = {isa = PBXFileReference; lastKnownFileType = sourcecode.swift; path = ListMovieViewControllerTests.swift; sourceTree = "<group>"; };
		F84EB5D7A31D8376A8AA3940 /* Pods-Yassir Challenge.release.xcconfig */ = {isa = PBXFileReference; includeInIndex = 1; lastKnownFileType = text.xcconfig; name = "Pods-Yassir Challenge.release.xcconfig"; path = "Target Support Files/Pods-Yassir Challenge/Pods-Yassir Challenge.release.xcconfig"; sourceTree = "<group>"; };
/* End PBXFileReference section */

/* Begin PBXFrameworksBuildPhase section */
		CE0FBB9C27AC32F3003BE3C6 /* Frameworks */ = {
			isa = PBXFrameworksBuildPhase;
			buildActionMask = 2147483647;
			files = (
				97709D93457919AA39B0A0A3 /* Pods_Yassir_Challenge.framework in Frameworks */,
			);
			runOnlyForDeploymentPostprocessing = 0;
		};
		CE32AA8327AE654C00E3BB16 /* Frameworks */ = {
			isa = PBXFrameworksBuildPhase;
			buildActionMask = 2147483647;
			files = (
			);
			runOnlyForDeploymentPostprocessing = 0;
		};
/* End PBXFrameworksBuildPhase section */

/* Begin PBXGroup section */
		42723F0D1D0E2F4E70495B4A /* Pods */ = {
			isa = PBXGroup;
			children = (
				C16D9F032D56FF59A63ED45E /* Pods-Yassir Challenge.debug.xcconfig */,
				F84EB5D7A31D8376A8AA3940 /* Pods-Yassir Challenge.release.xcconfig */,
			);
			path = Pods;
			sourceTree = "<group>";
		};
		44265BFD7EB6DA203B509E6F /* Frameworks */ = {
			isa = PBXGroup;
			children = (
				CE32AA7127AE5E6A00E3BB16 /* Pods_Yassir_Challenge.framework */,
				22A6269D95D3800698BA99DA /* Pods_Yassir_Challenge.framework */,
			);
			name = Frameworks;
			sourceTree = "<group>";
		};
		CE0FBB9627AC32F3003BE3C6 = {
			isa = PBXGroup;
			children = (
				CE0FBBA127AC32F3003BE3C6 /* Yassir Challenge */,
				CE32AA8727AE654C00E3BB16 /* YassirChallengeTests */,
				CE0FBBA027AC32F3003BE3C6 /* Products */,
				42723F0D1D0E2F4E70495B4A /* Pods */,
				44265BFD7EB6DA203B509E6F /* Frameworks */,
			);
			sourceTree = "<group>";
		};
		CE0FBBA027AC32F3003BE3C6 /* Products */ = {
			isa = PBXGroup;
			children = (
				CE0FBB9F27AC32F3003BE3C6 /* Yassir Challenge.app */,
				CE32AA8627AE654C00E3BB16 /* YassirChallengeTests.xctest */,
			);
			name = Products;
			sourceTree = "<group>";
		};
		CE0FBBA127AC32F3003BE3C6 /* Yassir Challenge */ = {
			isa = PBXGroup;
			children = (
				CE0FBC0127ADDAC5003BE3C6 /* Support */,
				CE0FBBBB27AC3E71003BE3C6 /* Resources */,
				CE0FBBBA27AC3E53003BE3C6 /* App Configuration */,
				CE0FBBB927AC3E4B003BE3C6 /* Models */,
				CE0FBBB827AC3E43003BE3C6 /* Services */,
				CE0FBBB727AC3E3A003BE3C6 /* Workers */,
				CE0FBBB627AC3E30003BE3C6 /* Scenes */,
			);
			path = "Yassir Challenge";
			sourceTree = "<group>";
		};
		CE0FBBB627AC3E30003BE3C6 /* Scenes */ = {
			isa = PBXGroup;
			children = (
				CE0FBBD627AC7FAE003BE3C6 /* ShowMovie */,
				CE0FBBD527AC7FA5003BE3C6 /* ListMovies */,
			);
			path = Scenes;
			sourceTree = "<group>";
		};
		CE0FBBB727AC3E3A003BE3C6 /* Workers */ = {
			isa = PBXGroup;
			children = (
				CE0FBBCF27AC7314003BE3C6 /* MoviesPageAPI.swift */,
				CE0FBBD127AC7359003BE3C6 /* WorkerConstants.swift */,
				CE0FBBD327AC7E21003BE3C6 /* MovieDetailsAPI.swift */,
			);
			path = Workers;
			sourceTree = "<group>";
		};
		CE0FBBB827AC3E43003BE3C6 /* Services */ = {
			isa = PBXGroup;
			children = (
			);
			path = Services;
			sourceTree = "<group>";
		};
		CE0FBBB927AC3E4B003BE3C6 /* Models */ = {
			isa = PBXGroup;
			children = (
				CE0FBBCA27AC6FE0003BE3C6 /* Interface */,
				CE0FBBBC27AC3F28003BE3C6 /* Movie.swift */,
				CE0FBBBE27AC412C003BE3C6 /* MoviesPage.swift */,
				CE0FBBC027AC69F8003BE3C6 /* MovieDetials.swift */,
				CE0FBBC227AC6E48003BE3C6 /* Genre.swift */,
				CE0FBBC427AC6E80003BE3C6 /* ProductionCompany.swift */,
				CE0FBBC627AC6EA3003BE3C6 /* ProductionCountry.swift */,
				CE0FBBC827AC6ECD003BE3C6 /* SpokenLanguage.swift */,
			);
			path = Models;
			sourceTree = "<group>";
		};
		CE0FBBBA27AC3E53003BE3C6 /* App Configuration */ = {
			isa = PBXGroup;
			children = (
				CE0FBBA227AC32F3003BE3C6 /* AppDelegate.swift */,
				CE0FBBA427AC32F3003BE3C6 /* SceneDelegate.swift */,
			);
			path = "App Configuration";
			sourceTree = "<group>";
		};
		CE0FBBBB27AC3E71003BE3C6 /* Resources */ = {
			isa = PBXGroup;
			children = (
				CE0FBBA827AC32F3003BE3C6 /* Main.storyboard */,
				CE0FBBAD27AC32F5003BE3C6 /* LaunchScreen.storyboard */,
				CE0FBBAB27AC32F5003BE3C6 /* Assets.xcassets */,
				CE0FBBB027AC32F5003BE3C6 /* Info.plist */,
			);
			path = Resources;
			sourceTree = "<group>";
		};
		CE0FBBCA27AC6FE0003BE3C6 /* Interface */ = {
			isa = PBXGroup;
			children = (
				CE0FBBCB27AC6FF5003BE3C6 /* MoviesPageInterface.swift */,
				CE0FBBCD27AC720D003BE3C6 /* MovieDetailsInterface.swift */,
			);
			path = Interface;
			sourceTree = "<group>";
		};
		CE0FBBD527AC7FA5003BE3C6 /* ListMovies */ = {
			isa = PBXGroup;
			children = (
				CE0FBBDC27AC800C003BE3C6 /* Interactor */,
				CE0FBBDB27AC7FFC003BE3C6 /* View */,
				CE0FBBDA27AC7FF2003BE3C6 /* Worker */,
				CE0FBBD927AC7FEC003BE3C6 /* Model */,
				CE0FBBD827AC7FE5003BE3C6 /* Presenter */,
				CE0FBBD727AC7FDF003BE3C6 /* Router */,
			);
			path = ListMovies;
			sourceTree = "<group>";
		};
		CE0FBBD627AC7FAE003BE3C6 /* ShowMovie */ = {
			isa = PBXGroup;
			children = (
				CE0FBBFC27ACAA9D003BE3C6 /* Worker */,
				CE0FBBF327AC9AF8003BE3C6 /* Model */,
				CE0FBBEF27AC9A6B003BE3C6 /* Presenter */,
				CE0FBBEE27AC9A63003BE3C6 /* Interactor */,
				CE0FBBEC27AC9A54003BE3C6 /* Router */,
				CE0FBBE927AC99B0003BE3C6 /* View */,
			);
			path = ShowMovie;
			sourceTree = "<group>";
		};
		CE0FBBD727AC7FDF003BE3C6 /* Router */ = {
			isa = PBXGroup;
			children = (
				CE0FBBE727AC94A9003BE3C6 /* ListMoviesRouter.swift */,
			);
			path = Router;
			sourceTree = "<group>";
		};
		CE0FBBD827AC7FE5003BE3C6 /* Presenter */ = {
			isa = PBXGroup;
			children = (
				CE0FBBE527AC864E003BE3C6 /* ListMoviesPresenter.swift */,
			);
			path = Presenter;
			sourceTree = "<group>";
		};
		CE0FBBD927AC7FEC003BE3C6 /* Model */ = {
			isa = PBXGroup;
			children = (
				CE0FBBDF27AC80AE003BE3C6 /* ListMovies.swift */,
			);
			path = Model;
			sourceTree = "<group>";
		};
		CE0FBBDA27AC7FF2003BE3C6 /* Worker */ = {
			isa = PBXGroup;
			children = (
				CE0FBBE127AC82C3003BE3C6 /* ListMoviesWorker.swift */,
			);
			path = Worker;
			sourceTree = "<group>";
		};
		CE0FBBDB27AC7FFC003BE3C6 /* View */ = {
			isa = PBXGroup;
			children = (
				CE0FBBDD27AC804F003BE3C6 /* ListMoviesViewController.swift */,
				CE0FBBFF27AD4938003BE3C6 /* MovieCell.swift */,
			);
			path = View;
			sourceTree = "<group>";
		};
		CE0FBBDC27AC800C003BE3C6 /* Interactor */ = {
			isa = PBXGroup;
			children = (
				CE0FBBE327AC8585003BE3C6 /* ListMoviesInteractor.swift */,
			);
			path = Interactor;
			sourceTree = "<group>";
		};
		CE0FBBE927AC99B0003BE3C6 /* View */ = {
			isa = PBXGroup;
			children = (
				CE0FBBEA27AC99C2003BE3C6 /* ShowMovieViewController.swift */,
			);
			path = View;
			sourceTree = "<group>";
		};
		CE0FBBEC27AC9A54003BE3C6 /* Router */ = {
			isa = PBXGroup;
			children = (
				CE0FBBF827ACA932003BE3C6 /* ShowMovieRouter.swift */,
			);
			path = Router;
			sourceTree = "<group>";
		};
		CE0FBBEE27AC9A63003BE3C6 /* Interactor */ = {
			isa = PBXGroup;
			children = (
				CE0FBBFA27ACA9A9003BE3C6 /* ShowInteractor.swift */,
			);
			path = Interactor;
			sourceTree = "<group>";
		};
		CE0FBBEF27AC9A6B003BE3C6 /* Presenter */ = {
			isa = PBXGroup;
			children = (
				CE0FBBF627AC9CF9003BE3C6 /* ShowMoviePresenter.swift */,
			);
			path = Presenter;
			sourceTree = "<group>";
		};
		CE0FBBF327AC9AF8003BE3C6 /* Model */ = {
			isa = PBXGroup;
			children = (
				CE0FBBF427AC9B0A003BE3C6 /* ShowMovie.swift */,
			);
			path = Model;
			sourceTree = "<group>";
		};
		CE0FBBFC27ACAA9D003BE3C6 /* Worker */ = {
			isa = PBXGroup;
			children = (
				CE0FBBFD27ACAABF003BE3C6 /* ShowMovieWorker.swift */,
			);
			path = Worker;
			sourceTree = "<group>";
		};
		CE0FBC0127ADDAC5003BE3C6 /* Support */ = {
			isa = PBXGroup;
			children = (
				CE0FBC0227ADDADD003BE3C6 /* UIColor+Ext.swift */,
			);
			path = Support;
			sourceTree = "<group>";
		};
		CE32AA8727AE654C00E3BB16 /* YassirChallengeTests */ = {
			isa = PBXGroup;
			children = (
				CE32AA9127AE69C100E3BB16 /* ListMovies */,
				CE32AA8827AE654C00E3BB16 /* YassirChallengeTests.swift */,
			);
			path = YassirChallengeTests;
			sourceTree = "<group>";
		};
		CE32AA9127AE69C100E3BB16 /* ListMovies */ = {
			isa = PBXGroup;
			children = (
				CE32AA8F27AE656E00E3BB16 /* ListMovieViewControllerTests.swift */,
			);
			path = ListMovies;
			sourceTree = "<group>";
		};
/* End PBXGroup section */

/* Begin PBXNativeTarget section */
		CE0FBB9E27AC32F3003BE3C6 /* Yassir Challenge */ = {
			isa = PBXNativeTarget;
			buildConfigurationList = CE0FBBB327AC32F5003BE3C6 /* Build configuration list for PBXNativeTarget "Yassir Challenge" */;
			buildPhases = (
				72C2BF601293392683852418 /* [CP] Check Pods Manifest.lock */,
				CE0FBB9B27AC32F3003BE3C6 /* Sources */,
				CE0FBB9C27AC32F3003BE3C6 /* Frameworks */,
				CE0FBB9D27AC32F3003BE3C6 /* Resources */,
				C340368853ABDC2538537CF4 /* [CP] Embed Pods Frameworks */,
			);
			buildRules = (
			);
			dependencies = (
			);
			name = "Yassir Challenge";
			productName = "Yassir Challenge";
			productReference = CE0FBB9F27AC32F3003BE3C6 /* Yassir Challenge.app */;
			productType = "com.apple.product-type.application";
		};
		CE32AA8527AE654C00E3BB16 /* YassirChallengeTests */ = {
			isa = PBXNativeTarget;
			buildConfigurationList = CE32AA8C27AE654C00E3BB16 /* Build configuration list for PBXNativeTarget "YassirChallengeTests" */;
			buildPhases = (
				CE32AA8227AE654C00E3BB16 /* Sources */,
				CE32AA8327AE654C00E3BB16 /* Frameworks */,
				CE32AA8427AE654C00E3BB16 /* Resources */,
			);
			buildRules = (
			);
			dependencies = (
				CE32AA8B27AE654C00E3BB16 /* PBXTargetDependency */,
			);
			name = YassirChallengeTests;
			productName = YassirChallengeTests;
			productReference = CE32AA8627AE654C00E3BB16 /* YassirChallengeTests.xctest */;
			productType = "com.apple.product-type.bundle.unit-test";
		};
/* End PBXNativeTarget section */

/* Begin PBXProject section */
		CE0FBB9727AC32F3003BE3C6 /* Project object */ = {
			isa = PBXProject;
			attributes = {
				BuildIndependentTargetsInParallel = 1;
				LastSwiftUpdateCheck = 1300;
				LastUpgradeCheck = 1300;
				TargetAttributes = {
					CE0FBB9E27AC32F3003BE3C6 = {
						CreatedOnToolsVersion = 13.0;
					};
					CE32AA8527AE654C00E3BB16 = {
						CreatedOnToolsVersion = 13.0;
						TestTargetID = CE0FBB9E27AC32F3003BE3C6;
					};
				};
			};
			buildConfigurationList = CE0FBB9A27AC32F3003BE3C6 /* Build configuration list for PBXProject "Yassir Challenge" */;
			compatibilityVersion = "Xcode 13.0";
			developmentRegion = en;
			hasScannedForEncodings = 0;
			knownRegions = (
				en,
				Base,
			);
			mainGroup = CE0FBB9627AC32F3003BE3C6;
			productRefGroup = CE0FBBA027AC32F3003BE3C6 /* Products */;
			projectDirPath = "";
			projectRoot = "";
			targets = (
				CE0FBB9E27AC32F3003BE3C6 /* Yassir Challenge */,
				CE32AA8527AE654C00E3BB16 /* YassirChallengeTests */,
			);
		};
/* End PBXProject section */

/* Begin PBXResourcesBuildPhase section */
		CE0FBB9D27AC32F3003BE3C6 /* Resources */ = {
			isa = PBXResourcesBuildPhase;
			buildActionMask = 2147483647;
			files = (
				CE0FBBAF27AC32F5003BE3C6 /* LaunchScreen.storyboard in Resources */,
				CE0FBBAC27AC32F5003BE3C6 /* Assets.xcassets in Resources */,
				CE0FBBAA27AC32F3003BE3C6 /* Main.storyboard in Resources */,
			);
			runOnlyForDeploymentPostprocessing = 0;
		};
		CE32AA8427AE654C00E3BB16 /* Resources */ = {
			isa = PBXResourcesBuildPhase;
			buildActionMask = 2147483647;
			files = (
			);
			runOnlyForDeploymentPostprocessing = 0;
		};
/* End PBXResourcesBuildPhase section */

/* Begin PBXShellScriptBuildPhase section */
		72C2BF601293392683852418 /* [CP] Check Pods Manifest.lock */ = {
			isa = PBXShellScriptBuildPhase;
			buildActionMask = 2147483647;
			files = (
			);
			inputFileListPaths = (
			);
			inputPaths = (
				"${PODS_PODFILE_DIR_PATH}/Podfile.lock",
				"${PODS_ROOT}/Manifest.lock",
			);
			name = "[CP] Check Pods Manifest.lock";
			outputFileListPaths = (
			);
			outputPaths = (
				"$(DERIVED_FILE_DIR)/Pods-Yassir Challenge-checkManifestLockResult.txt",
			);
			runOnlyForDeploymentPostprocessing = 0;
			shellPath = /bin/sh;
			shellScript = "diff \"${PODS_PODFILE_DIR_PATH}/Podfile.lock\" \"${PODS_ROOT}/Manifest.lock\" > /dev/null\nif [ $? != 0 ] ; then\n    # print error to STDERR\n    echo \"error: The sandbox is not in sync with the Podfile.lock. Run 'pod install' or update your CocoaPods installation.\" >&2\n    exit 1\nfi\n# This output is used by Xcode 'outputs' to avoid re-running this script phase.\necho \"SUCCESS\" > \"${SCRIPT_OUTPUT_FILE_0}\"\n";
			showEnvVarsInLog = 0;
		};
		C340368853ABDC2538537CF4 /* [CP] Embed Pods Frameworks */ = {
			isa = PBXShellScriptBuildPhase;
			buildActionMask = 2147483647;
			files = (
			);
			inputFileListPaths = (
				"${PODS_ROOT}/Target Support Files/Pods-Yassir Challenge/Pods-Yassir Challenge-frameworks-${CONFIGURATION}-input-files.xcfilelist",
			);
			name = "[CP] Embed Pods Frameworks";
			outputFileListPaths = (
				"${PODS_ROOT}/Target Support Files/Pods-Yassir Challenge/Pods-Yassir Challenge-frameworks-${CONFIGURATION}-output-files.xcfilelist",
			);
			runOnlyForDeploymentPostprocessing = 0;
			shellPath = /bin/sh;
			shellScript = "\"${PODS_ROOT}/Target Support Files/Pods-Yassir Challenge/Pods-Yassir Challenge-frameworks.sh\"\n";
			showEnvVarsInLog = 0;
		};
/* End PBXShellScriptBuildPhase section */

/* Begin PBXSourcesBuildPhase section */
		CE0FBB9B27AC32F3003BE3C6 /* Sources */ = {
			isa = PBXSourcesBuildPhase;
			buildActionMask = 2147483647;
			files = (
				CE0FBBEB27AC99C2003BE3C6 /* ShowMovieViewController.swift in Sources */,
				CE0FBBE027AC80AE003BE3C6 /* ListMovies.swift in Sources */,
				CE0FBC0027AD4938003BE3C6 /* MovieCell.swift in Sources */,
				CE0FBBCC27AC6FF5003BE3C6 /* MoviesPageInterface.swift in Sources */,
				CE0FBBF527AC9B0A003BE3C6 /* ShowMovie.swift in Sources */,
				CE0FBBDE27AC804F003BE3C6 /* ListMoviesViewController.swift in Sources */,
				CE0FBBC527AC6E80003BE3C6 /* ProductionCompany.swift in Sources */,
				CE0FBBE227AC82C3003BE3C6 /* ListMoviesWorker.swift in Sources */,
				CE0FBBF727AC9CF9003BE3C6 /* ShowMoviePresenter.swift in Sources */,
				CE0FBBC727AC6EA3003BE3C6 /* ProductionCountry.swift in Sources */,
				CE0FBBBF27AC412C003BE3C6 /* MoviesPage.swift in Sources */,
				CE0FBBD027AC7314003BE3C6 /* MoviesPageAPI.swift in Sources */,
				CE0FBBCE27AC720D003BE3C6 /* MovieDetailsInterface.swift in Sources */,
				CE0FBBD427AC7E21003BE3C6 /* MovieDetailsAPI.swift in Sources */,
				CE0FBBA327AC32F3003BE3C6 /* AppDelegate.swift in Sources */,
				CE0FBBBD27AC3F29003BE3C6 /* Movie.swift in Sources */,
				CE0FBBA527AC32F3003BE3C6 /* SceneDelegate.swift in Sources */,
				CE0FBBE827AC94A9003BE3C6 /* ListMoviesRouter.swift in Sources */,
				CE0FBBE427AC8585003BE3C6 /* ListMoviesInteractor.swift in Sources */,
				CE0FBBF927ACA932003BE3C6 /* ShowMovieRouter.swift in Sources */,
				CE0FBBC927AC6ECD003BE3C6 /* SpokenLanguage.swift in Sources */,
				CE0FBC0327ADDADD003BE3C6 /* UIColor+Ext.swift in Sources */,
				CE0FBBD227AC7359003BE3C6 /* WorkerConstants.swift in Sources */,
				CE0FBBFE27ACAABF003BE3C6 /* ShowMovieWorker.swift in Sources */,
				CE0FBBFB27ACA9A9003BE3C6 /* ShowInteractor.swift in Sources */,
				CE0FBBC127AC69F8003BE3C6 /* MovieDetials.swift in Sources */,
				CE0FBBC327AC6E48003BE3C6 /* Genre.swift in Sources */,
				CE0FBBE627AC864E003BE3C6 /* ListMoviesPresenter.swift in Sources */,
			);
			runOnlyForDeploymentPostprocessing = 0;
		};
		CE32AA8227AE654C00E3BB16 /* Sources */ = {
			isa = PBXSourcesBuildPhase;
			buildActionMask = 2147483647;
			files = (
				CE32AA8927AE654C00E3BB16 /* YassirChallengeTests.swift in Sources */,
				CE32AA9027AE656E00E3BB16 /* ListMovieViewControllerTests.swift in Sources */,
			);
			runOnlyForDeploymentPostprocessing = 0;
		};
/* End PBXSourcesBuildPhase section */

/* Begin PBXTargetDependency section */
		CE32AA8B27AE654C00E3BB16 /* PBXTargetDependency */ = {
			isa = PBXTargetDependency;
			target = CE0FBB9E27AC32F3003BE3C6 /* Yassir Challenge */;
			targetProxy = CE32AA8A27AE654C00E3BB16 /* PBXContainerItemProxy */;
		};
/* End PBXTargetDependency section */

/* Begin PBXVariantGroup section */
		CE0FBBA827AC32F3003BE3C6 /* Main.storyboard */ = {
			isa = PBXVariantGroup;
			children = (
				CE0FBBA927AC32F3003BE3C6 /* Base */,
			);
			name = Main.storyboard;
			sourceTree = "<group>";
		};
		CE0FBBAD27AC32F5003BE3C6 /* LaunchScreen.storyboard */ = {
			isa = PBXVariantGroup;
			children = (
				CE0FBBAE27AC32F5003BE3C6 /* Base */,
			);
			name = LaunchScreen.storyboard;
			sourceTree = "<group>";
		};
/* End PBXVariantGroup section */

/* Begin XCBuildConfiguration section */
		CE0FBBB127AC32F5003BE3C6 /* Debug */ = {
			isa = XCBuildConfiguration;
			buildSettings = {
				ALWAYS_SEARCH_USER_PATHS = NO;
				CLANG_ANALYZER_NONNULL = YES;
				CLANG_ANALYZER_NUMBER_OBJECT_CONVERSION = YES_AGGRESSIVE;
				CLANG_CXX_LANGUAGE_STANDARD = "gnu++17";
				CLANG_CXX_LIBRARY = "libc++";
				CLANG_ENABLE_MODULES = YES;
				CLANG_ENABLE_OBJC_ARC = YES;
				CLANG_ENABLE_OBJC_WEAK = YES;
				CLANG_WARN_BLOCK_CAPTURE_AUTORELEASING = YES;
				CLANG_WARN_BOOL_CONVERSION = YES;
				CLANG_WARN_COMMA = YES;
				CLANG_WARN_CONSTANT_CONVERSION = YES;
				CLANG_WARN_DEPRECATED_OBJC_IMPLEMENTATIONS = YES;
				CLANG_WARN_DIRECT_OBJC_ISA_USAGE = YES_ERROR;
				CLANG_WARN_DOCUMENTATION_COMMENTS = YES;
				CLANG_WARN_EMPTY_BODY = YES;
				CLANG_WARN_ENUM_CONVERSION = YES;
				CLANG_WARN_INFINITE_RECURSION = YES;
				CLANG_WARN_INT_CONVERSION = YES;
				CLANG_WARN_NON_LITERAL_NULL_CONVERSION = YES;
				CLANG_WARN_OBJC_IMPLICIT_RETAIN_SELF = YES;
				CLANG_WARN_OBJC_LITERAL_CONVERSION = YES;
				CLANG_WARN_OBJC_ROOT_CLASS = YES_ERROR;
				CLANG_WARN_QUOTED_INCLUDE_IN_FRAMEWORK_HEADER = YES;
				CLANG_WARN_RANGE_LOOP_ANALYSIS = YES;
				CLANG_WARN_STRICT_PROTOTYPES = YES;
				CLANG_WARN_SUSPICIOUS_MOVE = YES;
				CLANG_WARN_UNGUARDED_AVAILABILITY = YES_AGGRESSIVE;
				CLANG_WARN_UNREACHABLE_CODE = YES;
				CLANG_WARN__DUPLICATE_METHOD_MATCH = YES;
				COPY_PHASE_STRIP = NO;
				DEBUG_INFORMATION_FORMAT = dwarf;
				ENABLE_STRICT_OBJC_MSGSEND = YES;
				ENABLE_TESTABILITY = YES;
				GCC_C_LANGUAGE_STANDARD = gnu11;
				GCC_DYNAMIC_NO_PIC = NO;
				GCC_NO_COMMON_BLOCKS = YES;
				GCC_OPTIMIZATION_LEVEL = 0;
				GCC_PREPROCESSOR_DEFINITIONS = (
					"DEBUG=1",
					"$(inherited)",
				);
				GCC_WARN_64_TO_32_BIT_CONVERSION = YES;
				GCC_WARN_ABOUT_RETURN_TYPE = YES_ERROR;
				GCC_WARN_UNDECLARED_SELECTOR = YES;
				GCC_WARN_UNINITIALIZED_AUTOS = YES_AGGRESSIVE;
				GCC_WARN_UNUSED_FUNCTION = YES;
				GCC_WARN_UNUSED_VARIABLE = YES;
				IPHONEOS_DEPLOYMENT_TARGET = 15.0;
				MTL_ENABLE_DEBUG_INFO = INCLUDE_SOURCE;
				MTL_FAST_MATH = YES;
				ONLY_ACTIVE_ARCH = YES;
				SDKROOT = iphoneos;
				SWIFT_ACTIVE_COMPILATION_CONDITIONS = DEBUG;
				SWIFT_OPTIMIZATION_LEVEL = "-Onone";
			};
			name = Debug;
		};
		CE0FBBB227AC32F5003BE3C6 /* Release */ = {
			isa = XCBuildConfiguration;
			buildSettings = {
				ALWAYS_SEARCH_USER_PATHS = NO;
				CLANG_ANALYZER_NONNULL = YES;
				CLANG_ANALYZER_NUMBER_OBJECT_CONVERSION = YES_AGGRESSIVE;
				CLANG_CXX_LANGUAGE_STANDARD = "gnu++17";
				CLANG_CXX_LIBRARY = "libc++";
				CLANG_ENABLE_MODULES = YES;
				CLANG_ENABLE_OBJC_ARC = YES;
				CLANG_ENABLE_OBJC_WEAK = YES;
				CLANG_WARN_BLOCK_CAPTURE_AUTORELEASING = YES;
				CLANG_WARN_BOOL_CONVERSION = YES;
				CLANG_WARN_COMMA = YES;
				CLANG_WARN_CONSTANT_CONVERSION = YES;
				CLANG_WARN_DEPRECATED_OBJC_IMPLEMENTATIONS = YES;
				CLANG_WARN_DIRECT_OBJC_ISA_USAGE = YES_ERROR;
				CLANG_WARN_DOCUMENTATION_COMMENTS = YES;
				CLANG_WARN_EMPTY_BODY = YES;
				CLANG_WARN_ENUM_CONVERSION = YES;
				CLANG_WARN_INFINITE_RECURSION = YES;
				CLANG_WARN_INT_CONVERSION = YES;
				CLANG_WARN_NON_LITERAL_NULL_CONVERSION = YES;
				CLANG_WARN_OBJC_IMPLICIT_RETAIN_SELF = YES;
				CLANG_WARN_OBJC_LITERAL_CONVERSION = YES;
				CLANG_WARN_OBJC_ROOT_CLASS = YES_ERROR;
				CLANG_WARN_QUOTED_INCLUDE_IN_FRAMEWORK_HEADER = YES;
				CLANG_WARN_RANGE_LOOP_ANALYSIS = YES;
				CLANG_WARN_STRICT_PROTOTYPES = YES;
				CLANG_WARN_SUSPICIOUS_MOVE = YES;
				CLANG_WARN_UNGUARDED_AVAILABILITY = YES_AGGRESSIVE;
				CLANG_WARN_UNREACHABLE_CODE = YES;
				CLANG_WARN__DUPLICATE_METHOD_MATCH = YES;
				COPY_PHASE_STRIP = NO;
				DEBUG_INFORMATION_FORMAT = "dwarf-with-dsym";
				ENABLE_NS_ASSERTIONS = NO;
				ENABLE_STRICT_OBJC_MSGSEND = YES;
				GCC_C_LANGUAGE_STANDARD = gnu11;
				GCC_NO_COMMON_BLOCKS = YES;
				GCC_WARN_64_TO_32_BIT_CONVERSION = YES;
				GCC_WARN_ABOUT_RETURN_TYPE = YES_ERROR;
				GCC_WARN_UNDECLARED_SELECTOR = YES;
				GCC_WARN_UNINITIALIZED_AUTOS = YES_AGGRESSIVE;
				GCC_WARN_UNUSED_FUNCTION = YES;
				GCC_WARN_UNUSED_VARIABLE = YES;
				IPHONEOS_DEPLOYMENT_TARGET = 15.0;
				MTL_ENABLE_DEBUG_INFO = NO;
				MTL_FAST_MATH = YES;
				SDKROOT = iphoneos;
				SWIFT_COMPILATION_MODE = wholemodule;
				SWIFT_OPTIMIZATION_LEVEL = "-O";
				VALIDATE_PRODUCT = YES;
			};
			name = Release;
		};
		CE0FBBB427AC32F5003BE3C6 /* Debug */ = {
			isa = XCBuildConfiguration;
			baseConfigurationReference = C16D9F032D56FF59A63ED45E /* Pods-Yassir Challenge.debug.xcconfig */;
			buildSettings = {
				ASSETCATALOG_COMPILER_APPICON_NAME = AppIcon;
				ASSETCATALOG_COMPILER_GLOBAL_ACCENT_COLOR_NAME = AccentColor;
				CODE_SIGN_STYLE = Automatic;
				CURRENT_PROJECT_VERSION = 1;
				DEVELOPMENT_TEAM = 65QWFBS3MN;
				GENERATE_INFOPLIST_FILE = YES;
				INFOPLIST_FILE = "Yassir Challenge/Resources/Info.plist";
				INFOPLIST_KEY_UIApplicationSupportsIndirectInputEvents = YES;
				INFOPLIST_KEY_UILaunchStoryboardName = LaunchScreen;
				INFOPLIST_KEY_UIMainStoryboardFile = Main;
				INFOPLIST_KEY_UISupportedInterfaceOrientations_iPad = "UIInterfaceOrientationPortrait UIInterfaceOrientationPortraitUpsideDown UIInterfaceOrientationLandscapeLeft UIInterfaceOrientationLandscapeRight";
				INFOPLIST_KEY_UISupportedInterfaceOrientations_iPhone = "UIInterfaceOrientationPortrait UIInterfaceOrientationLandscapeLeft UIInterfaceOrientationLandscapeRight";
				LD_RUNPATH_SEARCH_PATHS = (
					"$(inherited)",
					"@executable_path/Frameworks",
				);
				MARKETING_VERSION = 1.0;
				PRODUCT_BUNDLE_IDENTIFIER = "com.austinjuwon.yassir.Yassir-Challenge";
				PRODUCT_NAME = "$(TARGET_NAME)";
				SWIFT_EMIT_LOC_STRINGS = YES;
				SWIFT_VERSION = 5.0;
				TARGETED_DEVICE_FAMILY = "1,2";
			};
			name = Debug;
		};
		CE0FBBB527AC32F5003BE3C6 /* Release */ = {
			isa = XCBuildConfiguration;
			baseConfigurationReference = F84EB5D7A31D8376A8AA3940 /* Pods-Yassir Challenge.release.xcconfig */;
			buildSettings = {
				ASSETCATALOG_COMPILER_APPICON_NAME = AppIcon;
				ASSETCATALOG_COMPILER_GLOBAL_ACCENT_COLOR_NAME = AccentColor;
				CODE_SIGN_STYLE = Automatic;
				CURRENT_PROJECT_VERSION = 1;
				DEVELOPMENT_TEAM = 65QWFBS3MN;
				GENERATE_INFOPLIST_FILE = YES;
				INFOPLIST_FILE = "Yassir Challenge/Resources/Info.plist";
				INFOPLIST_KEY_UIApplicationSupportsIndirectInputEvents = YES;
				INFOPLIST_KEY_UILaunchStoryboardName = LaunchScreen;
				INFOPLIST_KEY_UIMainStoryboardFile = Main;
				INFOPLIST_KEY_UISupportedInterfaceOrientations_iPad = "UIInterfaceOrientationPortrait UIInterfaceOrientationPortraitUpsideDown UIInterfaceOrientationLandscapeLeft UIInterfaceOrientationLandscapeRight";
				INFOPLIST_KEY_UISupportedInterfaceOrientations_iPhone = "UIInterfaceOrientationPortrait UIInterfaceOrientationLandscapeLeft UIInterfaceOrientationLandscapeRight";
				LD_RUNPATH_SEARCH_PATHS = (
					"$(inherited)",
					"@executable_path/Frameworks",
				);
				MARKETING_VERSION = 1.0;
				PRODUCT_BUNDLE_IDENTIFIER = "com.austinjuwon.yassir.Yassir-Challenge";
				PRODUCT_NAME = "$(TARGET_NAME)";
				SWIFT_EMIT_LOC_STRINGS = YES;
				SWIFT_VERSION = 5.0;
				TARGETED_DEVICE_FAMILY = "1,2";
			};
			name = Release;
		};
		CE32AA8D27AE654C00E3BB16 /* Debug */ = {
			isa = XCBuildConfiguration;
			buildSettings = {
				BUNDLE_LOADER = "$(TEST_HOST)";
				CODE_SIGN_STYLE = Automatic;
				CURRENT_PROJECT_VERSION = 1;
				DEVELOPMENT_TEAM = 65QWFBS3MN;
				GENERATE_INFOPLIST_FILE = YES;
				LD_RUNPATH_SEARCH_PATHS = (
					"$(inherited)",
					"@executable_path/Frameworks",
					"@loader_path/Frameworks",
				);
				MARKETING_VERSION = 1.0;
				PRODUCT_BUNDLE_IDENTIFIER = com.austinjuwon.yassir.YassirChallengeTests;
				PRODUCT_NAME = "$(TARGET_NAME)";
				SWIFT_EMIT_LOC_STRINGS = NO;
				SWIFT_VERSION = 5.0;
				TARGETED_DEVICE_FAMILY = "1,2";
				TEST_HOST = "$(BUILT_PRODUCTS_DIR)/Yassir Challenge.app/Yassir Challenge";
			};
			name = Debug;
		};
		CE32AA8E27AE654C00E3BB16 /* Release */ = {
			isa = XCBuildConfiguration;
			buildSettings = {
				BUNDLE_LOADER = "$(TEST_HOST)";
				CODE_SIGN_STYLE = Automatic;
				CURRENT_PROJECT_VERSION = 1;
				DEVELOPMENT_TEAM = 65QWFBS3MN;
				GENERATE_INFOPLIST_FILE = YES;
				LD_RUNPATH_SEARCH_PATHS = (
					"$(inherited)",
					"@executable_path/Frameworks",
					"@loader_path/Frameworks",
				);
				MARKETING_VERSION = 1.0;
				PRODUCT_BUNDLE_IDENTIFIER = com.austinjuwon.yassir.YassirChallengeTests;
				PRODUCT_NAME = "$(TARGET_NAME)";
				SWIFT_EMIT_LOC_STRINGS = NO;
				SWIFT_VERSION = 5.0;
				TARGETED_DEVICE_FAMILY = "1,2";
				TEST_HOST = "$(BUILT_PRODUCTS_DIR)/Yassir Challenge.app/Yassir Challenge";
			};
			name = Release;
		};
/* End XCBuildConfiguration section */

/* Begin XCConfigurationList section */
		CE0FBB9A27AC32F3003BE3C6 /* Build configuration list for PBXProject "Yassir Challenge" */ = {
			isa = XCConfigurationList;
			buildConfigurations = (
				CE0FBBB127AC32F5003BE3C6 /* Debug */,
				CE0FBBB227AC32F5003BE3C6 /* Release */,
			);
			defaultConfigurationIsVisible = 0;
			defaultConfigurationName = Release;
		};
		CE0FBBB327AC32F5003BE3C6 /* Build configuration list for PBXNativeTarget "Yassir Challenge" */ = {
			isa = XCConfigurationList;
			buildConfigurations = (
				CE0FBBB427AC32F5003BE3C6 /* Debug */,
				CE0FBBB527AC32F5003BE3C6 /* Release */,
			);
			defaultConfigurationIsVisible = 0;
			defaultConfigurationName = Release;
		};
		CE32AA8C27AE654C00E3BB16 /* Build configuration list for PBXNativeTarget "YassirChallengeTests" */ = {
			isa = XCConfigurationList;
			buildConfigurations = (
				CE32AA8D27AE654C00E3BB16 /* Debug */,
				CE32AA8E27AE654C00E3BB16 /* Release */,
			);
			defaultConfigurationIsVisible = 0;
			defaultConfigurationName = Release;
		};
/* End XCConfigurationList section */
	};
	rootObject = CE0FBB9727AC32F3003BE3C6 /* Project object */;
}
